
Microsoft Visual Studio Solution File, Format Version 12.00
Project("{FAE04EC0-301F-11D3-BF4B-00C04F79EFBC}") = "HD-Wallet-Recoverer-GUI", "HD-Wallet-Recoverer-GUI\HD-Wallet-Recoverer-GUI.csproj", "{5749ED2B-3C04-4857-9A48-60D72116F639}"
EndProject
Global
	GlobalSection(SolutionConfigurationPlatforms) = preSolution
		Debug|Any CPU = Debug|Any CPU
		Release|Any CPU = Release|Any CPU
	EndGlobalSection
	GlobalSection(ProjectConfigurationPlatforms) = postSolution
		{5749ED2B-3C04-4857-9A48-60D72116F639}.Debug|Any CPU.ActiveCfg = Debug|Any CPU
		{5749ED2B-3C04-4857-9A48-60D72116F639}.Debug|Any CPU.Build.0 = Debug|Any CPU
		{5749ED2B-3C04-4857-9A48-60D72116F639}.Release|Any CPU.ActiveCfg = Release|Any CPU
		{5749ED2B-3C04-4857-9A48-60D72116F639}.Release|Any CPU.Build.0 = Release|Any CPU
	EndGlobalSection
EndGlobal
